
Microsoft Visual Studio Solution File, Format Version 12.00
# Visual Studio 15
VisualStudioVersion = 15.0.27428.2015
MinimumVisualStudioVersion = 10.0.40219.1
Project("{FAE04EC0-301F-11D3-BF4B-00C04F79EFBC}") = "StDB", "StDB\StDB.csproj", "{687D22CB-CE4E-4334-95FA-BEC840A6F05A}"
EndProject
Global
	GlobalSection(SolutionConfigurationPlatforms) = preSolution
		Debug|Any CPU = Debug|Any CPU
		Release|Any CPU = Release|Any CPU
	EndGlobalSection
	GlobalSection(ProjectConfigurationPlatforms) = postSolution
		{687D22CB-CE4E-4334-95FA-BEC840A6F05A}.Debug|Any CPU.ActiveCfg = Debug|Any CPU
		{687D22CB-CE4E-4334-95FA-BEC840A6F05A}.Debug|Any CPU.Build.0 = Debug|Any CPU
		{687D22CB-CE4E-4334-95FA-BEC840A6F05A}.Release|Any CPU.ActiveCfg = Release|Any CPU
		{687D22CB-CE4E-4334-95FA-BEC840A6F05A}.Release|Any CPU.Build.0 = Release|Any CPU
	EndGlobalSection
	GlobalSection(SolutionProperties) = preSolution
		HideSolutionNode = FALSE
	EndGlobalSection
	GlobalSection(ExtensibilityGlobals) = postSolution
		SolutionGuid = {CED9EBFE-18EE-4F72-8D50-8BD5C0B98D88}
	EndGlobalSection
EndGlobal
